// !$*UTF8*$!
{
	archiveVersion = 1;
	classes = {
	};
	objectVersion = 55;
	objects = {

/* Begin PBXBuildFile section */
		1859310928D9A63100CF7A8C /* crc.c in Sources */ = {isa = PBXBuildFile; fileRef = 1859310528D9A63000CF7A8C /* crc.c */; };
		1859310A28D9A63100CF7A8C /* DataToBeWrite.m in Sources */ = {isa = PBXBuildFile; fileRef = 1859310628D9A63000CF7A8C /* DataToBeWrite.m */; };
		1859310B28D9A63100CF7A8C /* DataToBeRead.m in Sources */ = {isa = PBXBuildFile; fileRef = 1859310728D9A63000CF7A8C /* DataToBeRead.m */; };
		1859310F28D9A75900CF7A8C /* Socket.m in Sources */ = {isa = PBXBuildFile; fileRef = 1859310D28D9A75900CF7A8C /* Socket.m */; };
		1859311328D9D4D000CF7A8C /* ThunderBack.jpg in Resources */ = {isa = PBXBuildFile; fileRef = 1859311028D9D4CF00CF7A8C /* ThunderBack.jpg */; };
		1859311428D9D4D000CF7A8C /* light.png in Resources */ = {isa = PBXBuildFile; fileRef = 1859311128D9D4D000CF7A8C /* light.png */; };
		1859311528D9D4D000CF7A8C /* nolight.png in Resources */ = {isa = PBXBuildFile; fileRef = 1859311228D9D4D000CF7A8C /* nolight.png */; };
		1859311928D9D8B100CF7A8C /* double.PNG in Resources */ = {isa = PBXBuildFile; fileRef = 1859311728D9D8B100CF7A8C /* double.PNG */; };
		1859311B28DA052100CF7A8C /* single.png in Resources */ = {isa = PBXBuildFile; fileRef = 1859311A28DA052100CF7A8C /* single.png */; };
		1859312028DAF49900CF7A8C /* add1.png in Resources */ = {isa = PBXBuildFile; fileRef = 1859311C28DAF49800CF7A8C /* add1.png */; };
		1859312128DAF49900CF7A8C /* minus1.png in Resources */ = {isa = PBXBuildFile; fileRef = 1859311D28DAF49900CF7A8C /* minus1.png */; };
		1859312228DAF49900CF7A8C /* add.png in Resources */ = {isa = PBXBuildFile; fileRef = 1859311E28DAF49900CF7A8C /* add.png */; };
		1859312328DAF49900CF7A8C /* minus.png in Resources */ = {isa = PBXBuildFile; fileRef = 1859311F28DAF49900CF7A8C /* minus.png */; };
		185CCD3D28D1C5AD0072012E /* AppDelegate.m in Sources */ = {isa = PBXBuildFile; fileRef = 185CCD3C28D1C5AD0072012E /* AppDelegate.m */; };
		185CCD4028D1C5AD0072012E /* SceneDelegate.m in Sources */ = {isa = PBXBuildFile; fileRef = 185CCD3F28D1C5AD0072012E /* SceneDelegate.m */; };
		185CCD4328D1C5AD0072012E /* ViewController.m in Sources */ = {isa = PBXBuildFile; fileRef = 185CCD4228D1C5AD0072012E /* ViewController.m */; };
		185CCD4628D1C5AD0072012E /* Main.storyboard in Resources */ = {isa = PBXBuildFile; fileRef = 185CCD4428D1C5AD0072012E /* Main.storyboard */; };
		185CCD4828D1C5B20072012E /* Assets.xcassets in Resources */ = {isa = PBXBuildFile; fileRef = 185CCD4728D1C5B20072012E /* Assets.xcassets */; };
		185CCD4B28D1C5B20072012E /* LaunchScreen.storyboard in Resources */ = {isa = PBXBuildFile; fileRef = 185CCD4928D1C5B20072012E /* LaunchScreen.storyboard */; };
		185CCD4E28D1C5B20072012E /* main.m in Sources */ = {isa = PBXBuildFile; fileRef = 185CCD4D28D1C5B20072012E /* main.m */; };
		185CCD5628D2D1410072012E /* BoardViewController.m in Sources */ = {isa = PBXBuildFile; fileRef = 185CCD5528D2D1410072012E /* BoardViewController.m */; };
		185CCD5928D2D1600072012E /* SettingViewController.m in Sources */ = {isa = PBXBuildFile; fileRef = 185CCD5828D2D1600072012E /* SettingViewController.m */; };
		185CCD5D28D2D2C50072012E /* camp.jpg in Resources */ = {isa = PBXBuildFile; fileRef = 185CCD5B28D2D2C50072012E /* camp.jpg */; };
		185CCD5E28D2D2C50072012E /* logo.png in Resources */ = {isa = PBXBuildFile; fileRef = 185CCD5C28D2D2C50072012E /* logo.png */; };
		E630DABF21394ECFAB0B26BE /* libPods-Thunder.a in Frameworks */ = {isa = PBXBuildFile; fileRef = 296F4609062D70C20FDA087B /* libPods-Thunder.a */; };
/* End PBXBuildFile section */

/* Begin PBXFileReference section */
		1859310328D9A63000CF7A8C /* DataToBeWrite.h */ = {isa = PBXFileReference; fileEncoding = 4; lastKnownFileType = sourcecode.c.h; name = DataToBeWrite.h; path = Thunder/DataToBeWrite.h; sourceTree = SOURCE_ROOT; };
		1859310428D9A63000CF7A8C /* DataToBeRead.h */ = {isa = PBXFileReference; fileEncoding = 4; lastKnownFileType = sourcecode.c.h; name = DataToBeRead.h; path = Thunder/DataToBeRead.h; sourceTree = SOURCE_ROOT; };
		1859310528D9A63000CF7A8C /* crc.c */ = {isa = PBXFileReference; fileEncoding = 4; lastKnownFileType = sourcecode.c.c; name = crc.c; path = Thunder/crc.c; sourceTree = SOURCE_ROOT; };
		1859310628D9A63000CF7A8C /* DataToBeWrite.m */ = {isa = PBXFileReference; fileEncoding = 4; lastKnownFileType = sourcecode.c.objc; name = DataToBeWrite.m; path = Thunder/DataToBeWrite.m; sourceTree = SOURCE_ROOT; };
		1859310728D9A63000CF7A8C /* DataToBeRead.m */ = {isa = PBXFileReference; fileEncoding = 4; lastKnownFileType = sourcecode.c.objc; name = DataToBeRead.m; path = Thunder/DataToBeRead.m; sourceTree = SOURCE_ROOT; };
		1859310828D9A63100CF7A8C /* crc.h */ = {isa = PBXFileReference; fileEncoding = 4; lastKnownFileType = sourcecode.c.h; name = crc.h; path = Thunder/crc.h; sourceTree = SOURCE_ROOT; };
		1859310D28D9A75900CF7A8C /* Socket.m */ = {isa = PBXFileReference; fileEncoding = 4; lastKnownFileType = sourcecode.c.objc; name = Socket.m; path = Thunder/Socket.m; sourceTree = SOURCE_ROOT; };
		1859310E28D9A75900CF7A8C /* Socket.h */ = {isa = PBXFileReference; fileEncoding = 4; lastKnownFileType = sourcecode.c.h; name = Socket.h; path = Thunder/Socket.h; sourceTree = SOURCE_ROOT; };
		1859311028D9D4CF00CF7A8C /* ThunderBack.jpg */ = {isa = PBXFileReference; lastKnownFileType = image.jpeg; name = ThunderBack.jpg; path = "../../ images/ThunderBack.jpg"; sourceTree = "<group>"; };
		1859311128D9D4D000CF7A8C /* light.png */ = {isa = PBXFileReference; lastKnownFileType = image.png; name = light.png; path = "../../ images/light.png"; sourceTree = "<group>"; };
		1859311228D9D4D000CF7A8C /* nolight.png */ = {isa = PBXFileReference; lastKnownFileType = image.png; name = nolight.png; path = "../../ images/nolight.png"; sourceTree = "<group>"; };
		1859311728D9D8B100CF7A8C /* double.PNG */ = {isa = PBXFileReference; lastKnownFileType = image.png; name = double.PNG; path = "../../ images/double.PNG"; sourceTree = "<group>"; };
		1859311A28DA052100CF7A8C /* single.png */ = {isa = PBXFileReference; lastKnownFileType = image.png; name = single.png; path = "../../ images/single.png"; sourceTree = "<group>"; };
		1859311C28DAF49800CF7A8C /* add1.png */ = {isa = PBXFileReference; lastKnownFileType = image.png; name = add1.png; path = "../../ images/add1.png"; sourceTree = "<group>"; };
		1859311D28DAF49900CF7A8C /* minus1.png */ = {isa = PBXFileReference; lastKnownFileType = image.png; name = minus1.png; path = "../../ images/minus1.png"; sourceTree = "<group>"; };
		1859311E28DAF49900CF7A8C /* add.png */ = {isa = PBXFileReference; lastKnownFileType = image.png; name = add.png; path = "../../ images/add.png"; sourceTree = "<group>"; };
		1859311F28DAF49900CF7A8C /* minus.png */ = {isa = PBXFileReference; lastKnownFileType = image.png; name = minus.png; path = "../../ images/minus.png"; sourceTree = "<group>"; };
		185CCD3828D1C5AD0072012E /* Thunder.app */ = {isa = PBXFileReference; explicitFileType = wrapper.application; includeInIndex = 0; path = Thunder.app; sourceTree = BUILT_PRODUCTS_DIR; };
		185CCD3B28D1C5AD0072012E /* AppDelegate.h */ = {isa = PBXFileReference; lastKnownFileType = sourcecode.c.h; path = AppDelegate.h; sourceTree = "<group>"; };
		185CCD3C28D1C5AD0072012E /* AppDelegate.m */ = {isa = PBXFileReference; lastKnownFileType = sourcecode.c.objc; path = AppDelegate.m; sourceTree = "<group>"; };
		185CCD3E28D1C5AD0072012E /* SceneDelegate.h */ = {isa = PBXFileReference; lastKnownFileType = sourcecode.c.h; path = SceneDelegate.h; sourceTree = "<group>"; };
		185CCD3F28D1C5AD0072012E /* SceneDelegate.m */ = {isa = PBXFileReference; lastKnownFileType = sourcecode.c.objc; path = SceneDelegate.m; sourceTree = "<group>"; };
		185CCD4128D1C5AD0072012E /* ViewController.h */ = {isa = PBXFileReference; lastKnownFileType = sourcecode.c.h; path = ViewController.h; sourceTree = "<group>"; };
		185CCD4228D1C5AD0072012E /* ViewController.m */ = {isa = PBXFileReference; lastKnownFileType = sourcecode.c.objc; path = ViewController.m; sourceTree = "<group>"; };
		185CCD4528D1C5AD0072012E /* Base */ = {isa = PBXFileReference; lastKnownFileType = file.storyboard; name = Base; path = Base.lproj/Main.storyboard; sourceTree = "<group>"; };
		185CCD4728D1C5B20072012E /* Assets.xcassets */ = {isa = PBXFileReference; lastKnownFileType = folder.assetcatalog; path = Assets.xcassets; sourceTree = "<group>"; };
		185CCD4A28D1C5B20072012E /* Base */ = {isa = PBXFileReference; lastKnownFileType = file.storyboard; name = Base; path = Base.lproj/LaunchScreen.storyboard; sourceTree = "<group>"; };
		185CCD4C28D1C5B20072012E /* Info.plist */ = {isa = PBXFileReference; lastKnownFileType = text.plist.xml; path = Info.plist; sourceTree = "<group>"; };
		185CCD4D28D1C5B20072012E /* main.m */ = {isa = PBXFileReference; lastKnownFileType = sourcecode.c.objc; path = main.m; sourceTree = "<group>"; };
		185CCD5428D2D1410072012E /* BoardViewController.h */ = {isa = PBXFileReference; lastKnownFileType = sourcecode.c.h; path = BoardViewController.h; sourceTree = "<group>"; };
		185CCD5528D2D1410072012E /* BoardViewController.m */ = {isa = PBXFileReference; lastKnownFileType = sourcecode.c.objc; path = BoardViewController.m; sourceTree = "<group>"; };
		185CCD5728D2D1600072012E /* SettingViewController.h */ = {isa = PBXFileReference; lastKnownFileType = sourcecode.c.h; path = SettingViewController.h; sourceTree = "<group>"; };
		185CCD5828D2D1600072012E /* SettingViewController.m */ = {isa = PBXFileReference; lastKnownFileType = sourcecode.c.objc; path = SettingViewController.m; sourceTree = "<group>"; };
		185CCD5B28D2D2C50072012E /* camp.jpg */ = {isa = PBXFileReference; lastKnownFileType = image.jpeg; name = camp.jpg; path = "../../ images/camp.jpg"; sourceTree = "<group>"; };
		185CCD5C28D2D2C50072012E /* logo.png */ = {isa = PBXFileReference; lastKnownFileType = image.png; name = logo.png; path = "../../ images/logo.png"; sourceTree = "<group>"; };
		296F4609062D70C20FDA087B /* libPods-Thunder.a */ = {isa = PBXFileReference; explicitFileType = archive.ar; includeInIndex = 0; path = "libPods-Thunder.a"; sourceTree = BUILT_PRODUCTS_DIR; };
		76E2D6050C17F679F846B33F /* Pods-Thunder.release.xcconfig */ = {isa = PBXFileReference; includeInIndex = 1; lastKnownFileType = text.xcconfig; name = "Pods-Thunder.release.xcconfig"; path = "Target Support Files/Pods-Thunder/Pods-Thunder.release.xcconfig"; sourceTree = "<group>"; };
		C9A513B39F6AA7F2C82AB12F /* Pods-Thunder.debug.xcconfig */ = {isa = PBXFileReference; includeInIndex = 1; lastKnownFileType = text.xcconfig; name = "Pods-Thunder.debug.xcconfig"; path = "Target Support Files/Pods-Thunder/Pods-Thunder.debug.xcconfig"; sourceTree = "<group>"; };
/* End PBXFileReference section */

/* Begin PBXFrameworksBuildPhase section */
		185CCD3528D1C5AD0072012E /* Frameworks */ = {
			isa = PBXFrameworksBuildPhase;
			buildActionMask = 2147483647;
			files = (
				E630DABF21394ECFAB0B26BE /* libPods-Thunder.a in Frameworks */,
			);
			runOnlyForDeploymentPostprocessing = 0;
		};
/* End PBXFrameworksBuildPhase section */

/* Begin PBXGroup section */
		1859310228D9A5E000CF7A8C /* Data */ = {
			isa = PBXGroup;
			children = (
				1859310528D9A63000CF7A8C /* crc.c */,
				1859310828D9A63100CF7A8C /* crc.h */,
				1859310428D9A63000CF7A8C /* DataToBeRead.h */,
				1859310728D9A63000CF7A8C /* DataToBeRead.m */,
				1859310328D9A63000CF7A8C /* DataToBeWrite.h */,
				1859310628D9A63000CF7A8C /* DataToBeWrite.m */,
			);
			path = Data;
			sourceTree = "<group>";
		};
		1859310C28D9A65500CF7A8C /* Socket */ = {
			isa = PBXGroup;
			children = (
				1859310E28D9A75900CF7A8C /* Socket.h */,
				1859310D28D9A75900CF7A8C /* Socket.m */,
			);
			path = Socket;
			sourceTree = "<group>";
		};
		185CCD2F28D1C5AD0072012E = {
			isa = PBXGroup;
			children = (
				1859310C28D9A65500CF7A8C /* Socket */,
				1859310228D9A5E000CF7A8C /* Data */,
				185CCD5A28D2D2A20072012E /* Images */,
				185CCD3A28D1C5AD0072012E /* Thunder */,
				185CCD3928D1C5AD0072012E /* Products */,
				9578C5A510AE17C42D6DCC80 /* Pods */,
				498BF243DA3E280FE28396A7 /* Frameworks */,
			);
			sourceTree = "<group>";
		};
		185CCD3928D1C5AD0072012E /* Products */ = {
			isa = PBXGroup;
			children = (
				185CCD3828D1C5AD0072012E /* Thunder.app */,
			);
			name = Products;
			sourceTree = "<group>";
		};
		185CCD3A28D1C5AD0072012E /* Thunder */ = {
			isa = PBXGroup;
			children = (
				185CCD3B28D1C5AD0072012E /* AppDelegate.h */,
				185CCD3C28D1C5AD0072012E /* AppDelegate.m */,
				185CCD3E28D1C5AD0072012E /* SceneDelegate.h */,
				185CCD3F28D1C5AD0072012E /* SceneDelegate.m */,
				185CCD4128D1C5AD0072012E /* ViewController.h */,
				185CCD4228D1C5AD0072012E /* ViewController.m */,
				185CCD5428D2D1410072012E /* BoardViewController.h */,
				185CCD5528D2D1410072012E /* BoardViewController.m */,
				185CCD5728D2D1600072012E /* SettingViewController.h */,
				185CCD5828D2D1600072012E /* SettingViewController.m */,
				185CCD4428D1C5AD0072012E /* Main.storyboard */,
				185CCD4728D1C5B20072012E /* Assets.xcassets */,
				185CCD4928D1C5B20072012E /* LaunchScreen.storyboard */,
				185CCD4C28D1C5B20072012E /* Info.plist */,
				185CCD4D28D1C5B20072012E /* main.m */,
			);
			path = Thunder;
			sourceTree = "<group>";
		};
		185CCD5A28D2D2A20072012E /* Images */ = {
			isa = PBXGroup;
			children = (
				1859311E28DAF49900CF7A8C /* add.png */,
				1859311C28DAF49800CF7A8C /* add1.png */,
				1859311F28DAF49900CF7A8C /* minus.png */,
				1859311D28DAF49900CF7A8C /* minus1.png */,
				1859311A28DA052100CF7A8C /* single.png */,
				1859311728D9D8B100CF7A8C /* double.PNG */,
				1859311128D9D4D000CF7A8C /* light.png */,
				1859311228D9D4D000CF7A8C /* nolight.png */,
				1859311028D9D4CF00CF7A8C /* ThunderBack.jpg */,
				185CCD5B28D2D2C50072012E /* camp.jpg */,
				185CCD5C28D2D2C50072012E /* logo.png */,
			);
			path = Images;
			sourceTree = "<group>";
		};
		498BF243DA3E280FE28396A7 /* Frameworks */ = {
			isa = PBXGroup;
			children = (
				296F4609062D70C20FDA087B /* libPods-Thunder.a */,
			);
			name = Frameworks;
			sourceTree = "<group>";
		};
		9578C5A510AE17C42D6DCC80 /* Pods */ = {
			isa = PBXGroup;
			children = (
				C9A513B39F6AA7F2C82AB12F /* Pods-Thunder.debug.xcconfig */,
				76E2D6050C17F679F846B33F /* Pods-Thunder.release.xcconfig */,
			);
			path = Pods;
			sourceTree = "<group>";
		};
/* End PBXGroup section */

/* Begin PBXNativeTarget section */
		185CCD3728D1C5AD0072012E /* Thunder */ = {
			isa = PBXNativeTarget;
			buildConfigurationList = 185CCD5128D1C5B20072012E /* Build configuration list for PBXNativeTarget "Thunder" */;
			buildPhases = (
				5D2A9DC35B22D67009D4BE9C /* [CP] Check Pods Manifest.lock */,
				185CCD3428D1C5AD0072012E /* Sources */,
				185CCD3528D1C5AD0072012E /* Frameworks */,
				185CCD3628D1C5AD0072012E /* Resources */,
			);
			buildRules = (
			);
			dependencies = (
			);
			name = Thunder;
			productName = Thunder;
			productReference = 185CCD3828D1C5AD0072012E /* Thunder.app */;
			productType = "com.apple.product-type.application";
		};
/* End PBXNativeTarget section */

/* Begin PBXProject section */
		185CCD3028D1C5AD0072012E /* Project object */ = {
			isa = PBXProject;
			attributes = {
				BuildIndependentTargetsInParallel = 1;
				LastUpgradeCheck = 1320;
				TargetAttributes = {
					185CCD3728D1C5AD0072012E = {
						CreatedOnToolsVersion = 13.2.1;
					};
				};
			};
			buildConfigurationList = 185CCD3328D1C5AD0072012E /* Build configuration list for PBXProject "Thunder" */;
			compatibilityVersion = "Xcode 13.0";
			developmentRegion = en;
			hasScannedForEncodings = 0;
			knownRegions = (
				en,
				Base,
			);
			mainGroup = 185CCD2F28D1C5AD0072012E;
			productRefGroup = 185CCD3928D1C5AD0072012E /* Products */;
			projectDirPath = "";
			projectRoot = "";
			targets = (
				185CCD3728D1C5AD0072012E /* Thunder */,
			);
		};
/* End PBXProject section */

/* Begin PBXResourcesBuildPhase section */
		185CCD3628D1C5AD0072012E /* Resources */ = {
			isa = PBXResourcesBuildPhase;
			buildActionMask = 2147483647;
			files = (
				1859311428D9D4D000CF7A8C /* light.png in Resources */,
				1859312028DAF49900CF7A8C /* add1.png in Resources */,
				185CCD5D28D2D2C50072012E /* camp.jpg in Resources */,
				185CCD5E28D2D2C50072012E /* logo.png in Resources */,
				1859312328DAF49900CF7A8C /* minus.png in Resources */,
				1859311B28DA052100CF7A8C /* single.png in Resources */,
				1859311528D9D4D000CF7A8C /* nolight.png in Resources */,
				1859311928D9D8B100CF7A8C /* double.PNG in Resources */,
				185CCD4B28D1C5B20072012E /* LaunchScreen.storyboard in Resources */,
				1859311328D9D4D000CF7A8C /* ThunderBack.jpg in Resources */,
				185CCD4828D1C5B20072012E /* Assets.xcassets in Resources */,
				1859312128DAF49900CF7A8C /* minus1.png in Resources */,
				185CCD4628D1C5AD0072012E /* Main.storyboard in Resources */,
				1859312228DAF49900CF7A8C /* add.png in Resources */,
			);
			runOnlyForDeploymentPostprocessing = 0;
		};
/* End PBXResourcesBuildPhase section */

/* Begin PBXShellScriptBuildPhase section */
		5D2A9DC35B22D67009D4BE9C /* [CP] Check Pods Manifest.lock */ = {
			isa = PBXShellScriptBuildPhase;
			buildActionMask = 2147483647;
			files = (
			);
			inputFileListPaths = (
			);
			inputPaths = (
				"${PODS_PODFILE_DIR_PATH}/Podfile.lock",
				"${PODS_ROOT}/Manifest.lock",
			);
			name = "[CP] Check Pods Manifest.lock";
			outputFileListPaths = (
			);
			outputPaths = (
				"$(DERIVED_FILE_DIR)/Pods-Thunder-checkManifestLockResult.txt",
			);
			runOnlyForDeploymentPostprocessing = 0;
			shellPath = /bin/sh;
			shellScript = "diff \"${PODS_PODFILE_DIR_PATH}/Podfile.lock\" \"${PODS_ROOT}/Manifest.lock\" > /dev/null\nif [ $? != 0 ] ; then\n    # print error to STDERR\n    echo \"error: The sandbox is not in sync with the Podfile.lock. Run 'pod install' or update your CocoaPods installation.\" >&2\n    exit 1\nfi\n# This output is used by Xcode 'outputs' to avoid re-running this script phase.\necho \"SUCCESS\" > \"${SCRIPT_OUTPUT_FILE_0}\"\n";
			showEnvVarsInLog = 0;
		};
/* End PBXShellScriptBuildPhase section */

/* Begin PBXSourcesBuildPhase section */
		185CCD3428D1C5AD0072012E /* Sources */ = {
			isa = PBXSourcesBuildPhase;
			buildActionMask = 2147483647;
			files = (
				1859310F28D9A75900CF7A8C /* Socket.m in Sources */,
				185CCD4328D1C5AD0072012E /* ViewController.m in Sources */,
				1859310A28D9A63100CF7A8C /* DataToBeWrite.m in Sources */,
				1859310B28D9A63100CF7A8C /* DataToBeRead.m in Sources */,
				1859310928D9A63100CF7A8C /* crc.c in Sources */,
				185CCD5628D2D1410072012E /* BoardViewController.m in Sources */,
				185CCD3D28D1C5AD0072012E /* AppDelegate.m in Sources */,
				185CCD4E28D1C5B20072012E /* main.m in Sources */,
				185CCD4028D1C5AD0072012E /* SceneDelegate.m in Sources */,
				185CCD5928D2D1600072012E /* SettingViewController.m in Sources */,
			);
			runOnlyForDeploymentPostprocessing = 0;
		};
/* End PBXSourcesBuildPhase section */

/* Begin PBXVariantGroup section */
		185CCD4428D1C5AD0072012E /* Main.storyboard */ = {
			isa = PBXVariantGroup;
			children = (
				185CCD4528D1C5AD0072012E /* Base */,
			);
			name = Main.storyboard;
			sourceTree = "<group>";
		};
		185CCD4928D1C5B20072012E /* LaunchScreen.storyboard */ = {
			isa = PBXVariantGroup;
			children = (
				185CCD4A28D1C5B20072012E /* Base */,
			);
			name = LaunchScreen.storyboard;
			sourceTree = "<group>";
		};
/* End PBXVariantGroup section */

/* Begin XCBuildConfiguration section */
		185CCD4F28D1C5B20072012E /* Debug */ = {
			isa = XCBuildConfiguration;
			buildSettings = {
				ALWAYS_SEARCH_USER_PATHS = NO;
				CLANG_ANALYZER_NONNULL = YES;
				CLANG_ANALYZER_NUMBER_OBJECT_CONVERSION = YES_AGGRESSIVE;
				CLANG_CXX_LANGUAGE_STANDARD = "gnu++17";
				CLANG_CXX_LIBRARY = "libc++";
				CLANG_ENABLE_MODULES = YES;
				CLANG_ENABLE_OBJC_ARC = YES;
				CLANG_ENABLE_OBJC_WEAK = YES;
				CLANG_WARN_BLOCK_CAPTURE_AUTORELEASING = YES;
				CLANG_WARN_BOOL_CONVERSION = YES;
				CLANG_WARN_COMMA = YES;
				CLANG_WARN_CONSTANT_CONVERSION = YES;
				CLANG_WARN_DEPRECATED_OBJC_IMPLEMENTATIONS = YES;
				CLANG_WARN_DIRECT_OBJC_ISA_USAGE = YES_ERROR;
				CLANG_WARN_DOCUMENTATION_COMMENTS = YES;
				CLANG_WARN_EMPTY_BODY = YES;
				CLANG_WARN_ENUM_CONVERSION = YES;
				CLANG_WARN_INFINITE_RECURSION = YES;
				CLANG_WARN_INT_CONVERSION = YES;
				CLANG_WARN_NON_LITERAL_NULL_CONVERSION = YES;
				CLANG_WARN_OBJC_IMPLICIT_RETAIN_SELF = YES;
				CLANG_WARN_OBJC_LITERAL_CONVERSION = YES;
				CLANG_WARN_OBJC_ROOT_CLASS = YES_ERROR;
				CLANG_WARN_QUOTED_INCLUDE_IN_FRAMEWORK_HEADER = YES;
				CLANG_WARN_RANGE_LOOP_ANALYSIS = YES;
				CLANG_WARN_STRICT_PROTOTYPES = YES;
				CLANG_WARN_SUSPICIOUS_MOVE = YES;
				CLANG_WARN_UNGUARDED_AVAILABILITY = YES_AGGRESSIVE;
				CLANG_WARN_UNREACHABLE_CODE = YES;
				CLANG_WARN__DUPLICATE_METHOD_MATCH = YES;
				COPY_PHASE_STRIP = NO;
				DEBUG_INFORMATION_FORMAT = dwarf;
				ENABLE_STRICT_OBJC_MSGSEND = YES;
				ENABLE_TESTABILITY = YES;
				GCC_C_LANGUAGE_STANDARD = gnu11;
				GCC_DYNAMIC_NO_PIC = NO;
				GCC_NO_COMMON_BLOCKS = YES;
				GCC_OPTIMIZATION_LEVEL = 0;
				GCC_PREPROCESSOR_DEFINITIONS = (
					"DEBUG=1",
					"$(inherited)",
				);
				GCC_WARN_64_TO_32_BIT_CONVERSION = YES;
				GCC_WARN_ABOUT_RETURN_TYPE = YES_ERROR;
				GCC_WARN_UNDECLARED_SELECTOR = YES;
				GCC_WARN_UNINITIALIZED_AUTOS = YES_AGGRESSIVE;
				GCC_WARN_UNUSED_FUNCTION = YES;
				GCC_WARN_UNUSED_VARIABLE = YES;
				IPHONEOS_DEPLOYMENT_TARGET = 15.2;
				MTL_ENABLE_DEBUG_INFO = INCLUDE_SOURCE;
				MTL_FAST_MATH = YES;
				ONLY_ACTIVE_ARCH = YES;
				SDKROOT = iphoneos;
			};
			name = Debug;
		};
		185CCD5028D1C5B20072012E /* Release */ = {
			isa = XCBuildConfiguration;
			buildSettings = {
				ALWAYS_SEARCH_USER_PATHS = NO;
				CLANG_ANALYZER_NONNULL = YES;
				CLANG_ANALYZER_NUMBER_OBJECT_CONVERSION = YES_AGGRESSIVE;
				CLANG_CXX_LANGUAGE_STANDARD = "gnu++17";
				CLANG_CXX_LIBRARY = "libc++";
				CLANG_ENABLE_MODULES = YES;
				CLANG_ENABLE_OBJC_ARC = YES;
				CLANG_ENABLE_OBJC_WEAK = YES;
				CLANG_WARN_BLOCK_CAPTURE_AUTORELEASING = YES;
				CLANG_WARN_BOOL_CONVERSION = YES;
				CLANG_WARN_COMMA = YES;
				CLANG_WARN_CONSTANT_CONVERSION = YES;
				CLANG_WARN_DEPRECATED_OBJC_IMPLEMENTATIONS = YES;
				CLANG_WARN_DIRECT_OBJC_ISA_USAGE = YES_ERROR;
				CLANG_WARN_DOCUMENTATION_COMMENTS = YES;
				CLANG_WARN_EMPTY_BODY = YES;
				CLANG_WARN_ENUM_CONVERSION = YES;
				CLANG_WARN_INFINITE_RECURSION = YES;
				CLANG_WARN_INT_CONVERSION = YES;
				CLANG_WARN_NON_LITERAL_NULL_CONVERSION = YES;
				CLANG_WARN_OBJC_IMPLICIT_RETAIN_SELF = YES;
				CLANG_WARN_OBJC_LITERAL_CONVERSION = YES;
				CLANG_WARN_OBJC_ROOT_CLASS = YES_ERROR;
				CLANG_WARN_QUOTED_INCLUDE_IN_FRAMEWORK_HEADER = YES;
				CLANG_WARN_RANGE_LOOP_ANALYSIS = YES;
				CLANG_WARN_STRICT_PROTOTYPES = YES;
				CLANG_WARN_SUSPICIOUS_MOVE = YES;
				CLANG_WARN_UNGUARDED_AVAILABILITY = YES_AGGRESSIVE;
				CLANG_WARN_UNREACHABLE_CODE = YES;
				CLANG_WARN__DUPLICATE_METHOD_MATCH = YES;
				COPY_PHASE_STRIP = NO;
				DEBUG_INFORMATION_FORMAT = "dwarf-with-dsym";
				ENABLE_NS_ASSERTIONS = NO;
				ENABLE_STRICT_OBJC_MSGSEND = YES;
				GCC_C_LANGUAGE_STANDARD = gnu11;
				GCC_NO_COMMON_BLOCKS = YES;
				GCC_WARN_64_TO_32_BIT_CONVERSION = YES;
				GCC_WARN_ABOUT_RETURN_TYPE = YES_ERROR;
				GCC_WARN_UNDECLARED_SELECTOR = YES;
				GCC_WARN_UNINITIALIZED_AUTOS = YES_AGGRESSIVE;
				GCC_WARN_UNUSED_FUNCTION = YES;
				GCC_WARN_UNUSED_VARIABLE = YES;
				IPHONEOS_DEPLOYMENT_TARGET = 15.2;
				MTL_ENABLE_DEBUG_INFO = NO;
				MTL_FAST_MATH = YES;
				SDKROOT = iphoneos;
				VALIDATE_PRODUCT = YES;
			};
			name = Release;
		};
		185CCD5228D1C5B20072012E /* Debug */ = {
			isa = XCBuildConfiguration;
			baseConfigurationReference = C9A513B39F6AA7F2C82AB12F /* Pods-Thunder.debug.xcconfig */;
			buildSettings = {
				ASSETCATALOG_COMPILER_APPICON_NAME = AppIcon;
				ASSETCATALOG_COMPILER_GLOBAL_ACCENT_COLOR_NAME = AccentColor;
				CODE_SIGN_STYLE = Automatic;
				CURRENT_PROJECT_VERSION = 1;
				DEVELOPMENT_TEAM = KVC8NZTYE2;
				GENERATE_INFOPLIST_FILE = YES;
				INFOPLIST_FILE = Thunder/Info.plist;
				INFOPLIST_KEY_UIApplicationSupportsIndirectInputEvents = YES;
				INFOPLIST_KEY_UILaunchStoryboardName = LaunchScreen;
				INFOPLIST_KEY_UIMainStoryboardFile = Main;
				INFOPLIST_KEY_UISupportedInterfaceOrientations_iPad = "UIInterfaceOrientationPortrait UIInterfaceOrientationPortraitUpsideDown UIInterfaceOrientationLandscapeLeft UIInterfaceOrientationLandscapeRight";
				INFOPLIST_KEY_UISupportedInterfaceOrientations_iPhone = "UIInterfaceOrientationPortrait UIInterfaceOrientationLandscapeLeft UIInterfaceOrientationLandscapeRight";
				LD_RUNPATH_SEARCH_PATHS = (
					"$(inherited)",
					"@executable_path/Frameworks",
				);
				MARKETING_VERSION = 2.0;
				PRODUCT_BUNDLE_IDENTIFIER = com.neusoft.www.testwifi;
				PRODUCT_NAME = "$(TARGET_NAME)";
				SWIFT_EMIT_LOC_STRINGS = YES;
				TARGETED_DEVICE_FAMILY = 1;
			};
			name = Debug;
		};
		185CCD5328D1C5B20072012E /* Release */ = {
			isa = XCBuildConfiguration;
			baseConfigurationReference = 76E2D6050C17F679F846B33F /* Pods-Thunder.release.xcconfig */;
			buildSettings = {
				ASSETCATALOG_COMPILER_APPICON_NAME = AppIcon;
				ASSETCATALOG_COMPILER_GLOBAL_ACCENT_COLOR_NAME = AccentColor;
				CODE_SIGN_STYLE = Automatic;
				CURRENT_PROJECT_VERSION = 1;
				DEVELOPMENT_TEAM = KVC8NZTYE2;
				GENERATE_INFOPLIST_FILE = YES;
				INFOPLIST_FILE = Thunder/Info.plist;
				INFOPLIST_KEY_UIApplicationSupportsIndirectInputEvents = YES;
				INFOPLIST_KEY_UILaunchStoryboardName = LaunchScreen;
				INFOPLIST_KEY_UIMainStoryboardFile = Main;
				INFOPLIST_KEY_UISupportedInterfaceOrientations_iPad = "UIInterfaceOrientationPortrait UIInterfaceOrientationPortraitUpsideDown UIInterfaceOrientationLandscapeLeft UIInterfaceOrientationLandscapeRight";
				INFOPLIST_KEY_UISupportedInterfaceOrientations_iPhone = "UIInterfaceOrientationPortrait UIInterfaceOrientationLandscapeLeft UIInterfaceOrientationLandscapeRight";
				LD_RUNPATH_SEARCH_PATHS = (
					"$(inherited)",
					"@executable_path/Frameworks",
				);
				MARKETING_VERSION = 2.0;
				PRODUCT_BUNDLE_IDENTIFIER = com.neusoft.www.testwifi;
				PRODUCT_NAME = "$(TARGET_NAME)";
				SWIFT_EMIT_LOC_STRINGS = YES;
				TARGETED_DEVICE_FAMILY = 1;
			};
			name = Release;
		};
/* End XCBuildConfiguration section */

/* Begin XCConfigurationList section */
		185CCD3328D1C5AD0072012E /* Build configuration list for PBXProject "Thunder" */ = {
			isa = XCConfigurationList;
			buildConfigurations = (
				185CCD4F28D1C5B20072012E /* Debug */,
				185CCD5028D1C5B20072012E /* Release */,
			);
			defaultConfigurationIsVisible = 0;
			defaultConfigurationName = Release;
		};
		185CCD5128D1C5B20072012E /* Build configuration list for PBXNativeTarget "Thunder" */ = {
			isa = XCConfigurationList;
			buildConfigurations = (
				185CCD5228D1C5B20072012E /* Debug */,
				185CCD5328D1C5B20072012E /* Release */,
			);
			defaultConfigurationIsVisible = 0;
			defaultConfigurationName = Release;
		};
/* End XCConfigurationList section */
	};
	rootObject = 185CCD3028D1C5AD0072012E /* Project object */;
}
